// !$*UTF8*$!
{
	archiveVersion = 1;
	classes = {
	};
	objectVersion = 46;
	objects = {

/* Begin PBXBuildFile section */
		774455E91C90016600F674A3 /* main.m in Sources */ = {isa = PBXBuildFile; fileRef = 774455E81C90016600F674A3 /* main.m */; };
		774455EC1C90016600F674A3 /* AppDelegate.m in Sources */ = {isa = PBXBuildFile; fileRef = 774455EB1C90016600F674A3 /* AppDelegate.m */; };
		774455EF1C90016600F674A3 /* ViewController.m in Sources */ = {isa = PBXBuildFile; fileRef = 774455EE1C90016600F674A3 /* ViewController.m */; };
		774455F21C90016600F674A3 /* Main.storyboard in Resources */ = {isa = PBXBuildFile; fileRef = 774455F01C90016600F674A3 /* Main.storyboard */; };
		774455F41C90016600F674A3 /* Assets.xcassets in Resources */ = {isa = PBXBuildFile; fileRef = 774455F31C90016600F674A3 /* Assets.xcassets */; };
		774455F71C90016600F674A3 /* LaunchScreen.storyboard in Resources */ = {isa = PBXBuildFile; fileRef = 774455F51C90016600F674A3 /* LaunchScreen.storyboard */; };
		774456021C90016700F674A3 /* RunTimeTests.m in Sources */ = {isa = PBXBuildFile; fileRef = 774456011C90016700F674A3 /* RunTimeTests.m */; };
/* End PBXBuildFile section */

/* Begin PBXContainerItemProxy section */
		774455FE1C90016700F674A3 /* PBXContainerItemProxy */ = {
			isa = PBXContainerItemProxy;
			containerPortal = 774455DC1C90016600F674A3 /* Project object */;
			proxyType = 1;
			remoteGlobalIDString = 774455E31C90016600F674A3;
			remoteInfo = RunTime;
		};
/* End PBXContainerItemProxy section */

/* Begin PBXFileReference section */
		774455E41C90016600F674A3 /* RunTime.app */ = {isa = PBXFileReference; explicitFileType = wrapper.application; includeInIndex = 0; path = RunTime.app; sourceTree = BUILT_PRODUCTS_DIR; };
		774455E81C90016600F674A3 /* main.m */ = {isa = PBXFileReference; lastKnownFileType = sourcecode.c.objc; path = main.m; sourceTree = "<group>"; };
		774455EA1C90016600F674A3 /* AppDelegate.h */ = {isa = PBXFileReference; lastKnownFileType = sourcecode.c.h; path = AppDelegate.h; sourceTree = "<group>"; };
		774455EB1C90016600F674A3 /* AppDelegate.m */ = {isa = PBXFileReference; lastKnownFileType = sourcecode.c.objc; path = AppDelegate.m; sourceTree = "<group>"; };
		774455ED1C90016600F674A3 /* ViewController.h */ = {isa = PBXFileReference; lastKnownFileType = sourcecode.c.h; path = ViewController.h; sourceTree = "<group>"; };
		774455EE1C90016600F674A3 /* ViewController.m */ = {isa = PBXFileReference; lastKnownFileType = sourcecode.c.objc; path = ViewController.m; sourceTree = "<group>"; };
		774455F11C90016600F674A3 /* Base */ = {isa = PBXFileReference; lastKnownFileType = file.storyboard; name = Base; path = Base.lproj/Main.storyboard; sourceTree = "<group>"; };
		774455F31C90016600F674A3 /* Assets.xcassets */ = {isa = PBXFileReference; lastKnownFileType = folder.assetcatalog; path = Assets.xcassets; sourceTree = "<group>"; };
		774455F61C90016600F674A3 /* Base */ = {isa = PBXFileReference; lastKnownFileType = file.storyboard; name = Base; path = Base.lproj/LaunchScreen.storyboard; sourceTree = "<group>"; };
		774455F81C90016600F674A3 /* Info.plist */ = {isa = PBXFileReference; lastKnownFileType = text.plist.xml; path = Info.plist; sourceTree = "<group>"; };
		774455FD1C90016700F674A3 /* RunTimeTests.xctest */ = {isa = PBXFileReference; explicitFileType = wrapper.cfbundle; includeInIndex = 0; path = RunTimeTests.xctest; sourceTree = BUILT_PRODUCTS_DIR; };
		774456011C90016700F674A3 /* RunTimeTests.m */ = {isa = PBXFileReference; lastKnownFileType = sourcecode.c.objc; path = RunTimeTests.m; sourceTree = "<group>"; };
		774456031C90016700F674A3 /* Info.plist */ = {isa = PBXFileReference; lastKnownFileType = text.plist.xml; path = Info.plist; sourceTree = "<group>"; };
/* End PBXFileReference section */

/* Begin PBXFrameworksBuildPhase section */
		774455E11C90016600F674A3 /* Frameworks */ = {
			isa = PBXFrameworksBuildPhase;
			buildActionMask = 2147483647;
			files = (
			);
			runOnlyForDeploymentPostprocessing = 0;
		};
		774455FA1C90016700F674A3 /* Frameworks */ = {
			isa = PBXFrameworksBuildPhase;
			buildActionMask = 2147483647;
			files = (
			);
			runOnlyForDeploymentPostprocessing = 0;
		};
/* End PBXFrameworksBuildPhase section */

/* Begin PBXGroup section */
		774455DB1C90016600F674A3 = {
			isa = PBXGroup;
			children = (
				774455E61C90016600F674A3 /* RunTime */,
				774456001C90016700F674A3 /* RunTimeTests */,
				774455E51C90016600F674A3 /* Products */,
			);
			sourceTree = "<group>";
		};
		774455E51C90016600F674A3 /* Products */ = {
			isa = PBXGroup;
			children = (
				774455E41C90016600F674A3 /* RunTime.app */,
				774455FD1C90016700F674A3 /* RunTimeTests.xctest */,
			);
			name = Products;
			sourceTree = "<group>";
		};
		774455E61C90016600F674A3 /* RunTime */ = {
			isa = PBXGroup;
			children = (
				774455EA1C90016600F674A3 /* AppDelegate.h */,
				774455EB1C90016600F674A3 /* AppDelegate.m */,
				774455ED1C90016600F674A3 /* ViewController.h */,
				774455EE1C90016600F674A3 /* ViewController.m */,
				774455F01C90016600F674A3 /* Main.storyboard */,
				774455F31C90016600F674A3 /* Assets.xcassets */,
				774455F51C90016600F674A3 /* LaunchScreen.storyboard */,
				774455F81C90016600F674A3 /* Info.plist */,
				774455E71C90016600F674A3 /* Supporting Files */,
			);
			path = RunTime;
			sourceTree = "<group>";
		};
		774455E71C90016600F674A3 /* Supporting Files */ = {
			isa = PBXGroup;
			children = (
				774455E81C90016600F674A3 /* main.m */,
			);
			name = "Supporting Files";
			sourceTree = "<group>";
		};
		774456001C90016700F674A3 /* RunTimeTests */ = {
			isa = PBXGroup;
			children = (
				774456011C90016700F674A3 /* RunTimeTests.m */,
				774456031C90016700F674A3 /* Info.plist */,
			);
			path = RunTimeTests;
			sourceTree = "<group>";
		};
/* End PBXGroup section */

/* Begin PBXNativeTarget section */
		774455E31C90016600F674A3 /* RunTime */ = {
			isa = PBXNativeTarget;
			buildConfigurationList = 774456061C90016700F674A3 /* Build configuration list for PBXNativeTarget "RunTime" */;
			buildPhases = (
				774455E01C90016600F674A3 /* Sources */,
				774455E11C90016600F674A3 /* Frameworks */,
				774455E21C90016600F674A3 /* Resources */,
			);
			buildRules = (
			);
			dependencies = (
			);
			name = RunTime;
			productName = RunTime;
			productReference = 774455E41C90016600F674A3 /* RunTime.app */;
			productType = "com.apple.product-type.application";
		};
		774455FC1C90016700F674A3 /* RunTimeTests */ = {
			isa = PBXNativeTarget;
			buildConfigurationList = 774456091C90016700F674A3 /* Build configuration list for PBXNativeTarget "RunTimeTests" */;
			buildPhases = (
				774455F91C90016700F674A3 /* Sources */,
				774455FA1C90016700F674A3 /* Frameworks */,
				774455FB1C90016700F674A3 /* Resources */,
			);
			buildRules = (
			);
			dependencies = (
				774455FF1C90016700F674A3 /* PBXTargetDependency */,
			);
			name = RunTimeTests;
			productName = RunTimeTests;
			productReference = 774455FD1C90016700F674A3 /* RunTimeTests.xctest */;
			productType = "com.apple.product-type.bundle.unit-test";
		};
/* End PBXNativeTarget section */

/* Begin PBXProject section */
		774455DC1C90016600F674A3 /* Project object */ = {
			isa = PBXProject;
			attributes = {
				LastUpgradeCheck = 0720;
				ORGANIZATIONNAME = "mac-mini-ios";
				TargetAttributes = {
					774455E31C90016600F674A3 = {
						CreatedOnToolsVersion = 7.2.1;
					};
					774455FC1C90016700F674A3 = {
						CreatedOnToolsVersion = 7.2.1;
						TestTargetID = 774455E31C90016600F674A3;
					};
				};
			};
			buildConfigurationList = 774455DF1C90016600F674A3 /* Build configuration list for PBXProject "RunTime" */;
			compatibilityVersion = "Xcode 3.2";
			developmentRegion = English;
			hasScannedForEncodings = 0;
			knownRegions = (
				en,
				Base,
			);
			mainGroup = 774455DB1C90016600F674A3;
			productRefGroup = 774455E51C90016600F674A3 /* Products */;
			projectDirPath = "";
			projectRoot = "";
			targets = (
				774455E31C90016600F674A3 /* RunTime */,
				774455FC1C90016700F674A3 /* RunTimeTests */,
			);
		};
/* End PBXProject section */

/* Begin PBXResourcesBuildPhase section */
		774455E21C90016600F674A3 /* Resources */ = {
			isa = PBXResourcesBuildPhase;
			buildActionMask = 2147483647;
			files = (
				774455F71C90016600F674A3 /* LaunchScreen.storyboard in Resources */,
				774455F41C90016600F674A3 /* Assets.xcassets in Resources */,
				774455F21C90016600F674A3 /* Main.storyboard in Resources */,
			);
			runOnlyForDeploymentPostprocessing = 0;
		};
		774455FB1C90016700F674A3 /* Resources */ = {
			isa = PBXResourcesBuildPhase;
			buildActionMask = 2147483647;
			files = (
			);
			runOnlyForDeploymentPostprocessing = 0;
		};
/* End PBXResourcesBuildPhase section */

/* Begin PBXSourcesBuildPhase section */
		774455E01C90016600F674A3 /* Sources */ = {
			isa = PBXSourcesBuildPhase;
			buildActionMask = 2147483647;
			files = (
				774455EF1C90016600F674A3 /* ViewController.m in Sources */,
				774455EC1C90016600F674A3 /* AppDelegate.m in Sources */,
				774455E91C90016600F674A3 /* main.m in Sources */,
			);
			runOnlyForDeploymentPostprocessing = 0;
		};
		774455F91C90016700F674A3 /* Sources */ = {
			isa = PBXSourcesBuildPhase;
			buildActionMask = 2147483647;
			files = (
				774456021C90016700F674A3 /* RunTimeTests.m in Sources */,
			);
			runOnlyForDeploymentPostprocessing = 0;
		};
/* End PBXSourcesBuildPhase section */

/* Begin PBXTargetDependency section */
		774455FF1C90016700F674A3 /* PBXTargetDependency */ = {
			isa = PBXTargetDependency;
			target = 774455E31C90016600F674A3 /* RunTime */;
			targetProxy = 774455FE1C90016700F674A3 /* PBXContainerItemProxy */;
		};
/* End PBXTargetDependency section */

/* Begin PBXVariantGroup section */
		774455F01C90016600F674A3 /* Main.storyboard */ = {
			isa = PBXVariantGroup;
			children = (
				774455F11C90016600F674A3 /* Base */,
			);
			name = Main.storyboard;
			sourceTree = "<group>";
		};
		774455F51C90016600F674A3 /* LaunchScreen.storyboard */ = {
			isa = PBXVariantGroup;
			children = (
				774455F61C90016600F674A3 /* Base */,
			);
			name = LaunchScreen.storyboard;
			sourceTree = "<group>";
		};
/* End PBXVariantGroup section */

/* Begin XCBuildConfiguration section */
		774456041C90016700F674A3 /* Debug */ = {
			isa = XCBuildConfiguration;
			buildSettings = {
				ALWAYS_SEARCH_USER_PATHS = NO;
				CLANG_CXX_LANGUAGE_STANDARD = "gnu++0x";
				CLANG_CXX_LIBRARY = "libc++";
				CLANG_ENABLE_MODULES = YES;
				CLANG_ENABLE_OBJC_ARC = YES;
				CLANG_WARN_BOOL_CONVERSION = YES;
				CLANG_WARN_CONSTANT_CONVERSION = YES;
				CLANG_WARN_DIRECT_OBJC_ISA_USAGE = YES_ERROR;
				CLANG_WARN_EMPTY_BODY = YES;
				CLANG_WARN_ENUM_CONVERSION = YES;
				CLANG_WARN_INT_CONVERSION = YES;
				CLANG_WARN_OBJC_ROOT_CLASS = YES_ERROR;
				CLANG_WARN_UNREACHABLE_CODE = YES;
				CLANG_WARN__DUPLICATE_METHOD_MATCH = YES;
				"CODE_SIGN_IDENTITY[sdk=iphoneos*]" = "iPhone Developer";
				COPY_PHASE_STRIP = NO;
				DEBUG_INFORMATION_FORMAT = dwarf;
				ENABLE_STRICT_OBJC_MSGSEND = YES;
				ENABLE_TESTABILITY = YES;
				GCC_C_LANGUAGE_STANDARD = gnu99;
				GCC_DYNAMIC_NO_PIC = NO;
				GCC_NO_COMMON_BLOCKS = YES;
				GCC_OPTIMIZATION_LEVEL = 0;
				GCC_PREPROCESSOR_DEFINITIONS = (
					"DEBUG=1",
					"$(inherited)",
				);
				GCC_WARN_64_TO_32_BIT_CONVERSION = YES;
				GCC_WARN_ABOUT_RETURN_TYPE = YES_ERROR;
				GCC_WARN_UNDECLARED_SELECTOR = YES;
				GCC_WARN_UNINITIALIZED_AUTOS = YES_AGGRESSIVE;
				GCC_WARN_UNUSED_FUNCTION = YES;
				GCC_WARN_UNUSED_VARIABLE = YES;
				IPHONEOS_DEPLOYMENT_TARGET = 9.2;
				MTL_ENABLE_DEBUG_INFO = YES;
				ONLY_ACTIVE_ARCH = YES;
				SDKROOT = iphoneos;
			};
			name = Debug;
		};
		774456051C90016700F674A3 /* Release */ = {
			isa = XCBuildConfiguration;
			buildSettings = {
				ALWAYS_SEARCH_USER_PATHS = NO;
				CLANG_CXX_LANGUAGE_STANDARD = "gnu++0x";
				CLANG_CXX_LIBRARY = "libc++";
				CLANG_ENABLE_MODULES = YES;
				CLANG_ENABLE_OBJC_ARC = YES;
				CLANG_WARN_BOOL_CONVERSION = YES;
				CLANG_WARN_CONSTANT_CONVERSION = YES;
				CLANG_WARN_DIRECT_OBJC_ISA_USAGE = YES_ERROR;
				CLANG_WARN_EMPTY_BODY = YES;
				CLANG_WARN_ENUM_CONVERSION = YES;
				CLANG_WARN_INT_CONVERSION = YES;
				CLANG_WARN_OBJC_ROOT_CLASS = YES_ERROR;
				CLANG_WARN_UNREACHABLE_CODE = YES;
				CLANG_WARN__DUPLICATE_METHOD_MATCH = YES;
				"CODE_SIGN_IDENTITY[sdk=iphoneos*]" = "iPhone Developer";
				COPY_PHASE_STRIP = NO;
				DEBUG_INFORMATION_FORMAT = "dwarf-with-dsym";
				ENABLE_NS_ASSERTIONS = NO;
				ENABLE_STRICT_OBJC_MSGSEND = YES;
				GCC_C_LANGUAGE_STANDARD = gnu99;
				GCC_NO_COMMON_BLOCKS = YES;
				GCC_WARN_64_TO_32_BIT_CONVERSION = YES;
				GCC_WARN_ABOUT_RETURN_TYPE = YES_ERROR;
				GCC_WARN_UNDECLARED_SELECTOR = YES;
				GCC_WARN_UNINITIALIZED_AUTOS = YES_AGGRESSIVE;
				GCC_WARN_UNUSED_FUNCTION = YES;
				GCC_WARN_UNUSED_VARIABLE = YES;
				IPHONEOS_DEPLOYMENT_TARGET = 9.2;
				MTL_ENABLE_DEBUG_INFO = NO;
				SDKROOT = iphoneos;
				VALIDATE_PRODUCT = YES;
			};
			name = Release;
		};
		774456071C90016700F674A3 /* Debug */ = {
			isa = XCBuildConfiguration;
			buildSettings = {
				ASSETCATALOG_COMPILER_APPICON_NAME = AppIcon;
				INFOPLIST_FILE = RunTime/Info.plist;
				LD_RUNPATH_SEARCH_PATHS = "$(inherited) @executable_path/Frameworks";
				PRODUCT_BUNDLE_IDENTIFIER = cn.super.www.RunTime;
				PRODUCT_NAME = "$(TARGET_NAME)";
			};
			name = Debug;
		};
		774456081C90016700F674A3 /* Release */ = {
			isa = XCBuildConfiguration;
			buildSettings = {
				ASSETCATALOG_COMPILER_APPICON_NAME = AppIcon;
				INFOPLIST_FILE = RunTime/Info.plist;
				LD_RUNPATH_SEARCH_PATHS = "$(inherited) @executable_path/Frameworks";
				PRODUCT_BUNDLE_IDENTIFIER = cn.super.www.RunTime;
				PRODUCT_NAME = "$(TARGET_NAME)";
			};
			name = Release;
		};
		7744560A1C90016700F674A3 /* Debug */ = {
			isa = XCBuildConfiguration;
			buildSettings = {
				BUNDLE_LOADER = "$(TEST_HOST)";
				INFOPLIST_FILE = RunTimeTests/Info.plist;
				LD_RUNPATH_SEARCH_PATHS = "$(inherited) @executable_path/Frameworks @loader_path/Frameworks";
				PRODUCT_BUNDLE_IDENTIFIER = cn.super.www.RunTimeTests;
				PRODUCT_NAME = "$(TARGET_NAME)";
				TEST_HOST = "$(BUILT_PRODUCTS_DIR)/RunTime.app/RunTime";
			};
			name = Debug;
		};
		7744560B1C90016700F674A3 /* Release */ = {
			isa = XCBuildConfiguration;
			buildSettings = {
				BUNDLE_LOADER = "$(TEST_HOST)";
				INFOPLIST_FILE = RunTimeTests/Info.plist;
				LD_RUNPATH_SEARCH_PATHS = "$(inherited) @executable_path/Frameworks @loader_path/Frameworks";
				PRODUCT_BUNDLE_IDENTIFIER = cn.super.www.RunTimeTests;
				PRODUCT_NAME = "$(TARGET_NAME)";
				TEST_HOST = "$(BUILT_PRODUCTS_DIR)/RunTime.app/RunTime";
			};
			name = Release;
		};
/* End XCBuildConfiguration section */

/* Begin XCConfigurationList section */
		774455DF1C90016600F674A3 /* Build configuration list for PBXProject "RunTime" */ = {
			isa = XCConfigurationList;
			buildConfigurations = (
				774456041C90016700F674A3 /* Debug */,
				774456051C90016700F674A3 /* Release */,
			);
			defaultConfigurationIsVisible = 0;
			defaultConfigurationName = Release;
		};
		774456061C90016700F674A3 /* Build configuration list for PBXNativeTarget "RunTime" */ = {
			isa = XCConfigurationList;
			buildConfigurations = (
				774456071C90016700F674A3 /* Debug */,
				774456081C90016700F674A3 /* Release */,
			);
			defaultConfigurationIsVisible = 0;
		};
		774456091C90016700F674A3 /* Build configuration list for PBXNativeTarget "RunTimeTests" */ = {
			isa = XCConfigurationList;
			buildConfigurations = (
				7744560A1C90016700F674A3 /* Debug */,
				7744560B1C90016700F674A3 /* Release */,
			);
			defaultConfigurationIsVisible = 0;
		};
/* End XCConfigurationList section */
	};
	rootObject = 774455DC1C90016600F674A3 /* Project object */;
}
